
Microsoft Visual Studio Solution File, Format Version 12.00
# Visual Studio Version 17
VisualStudioVersion = 17.14.36616.10 d17.14
MinimumVisualStudioVersion = 10.0.40219.1
Project("{FAE04EC0-301F-11D3-BF4B-00C04F79EFBC}") = "ServerManagement", "ServerManagement\ServerManagement.csproj", "{7FBE9D20-4812-4796-BAB4-47DCFF0899F8}"
EndProject
Global
	GlobalSection(SolutionConfigurationPlatforms) = preSolution
		Debug|Any CPU = Debug|Any CPU
		Release|Any CPU = Release|Any CPU
	EndGlobalSection
	GlobalSection(ProjectConfigurationPlatforms) = postSolution
		{7FBE9D20-4812-4796-BAB4-47DCFF0899F8}.Debug|Any CPU.ActiveCfg = Debug|Any CPU
		{7FBE9D20-4812-4796-BAB4-47DCFF0899F8}.Debug|Any CPU.Build.0 = Debug|Any CPU
		{7FBE9D20-4812-4796-BAB4-47DCFF0899F8}.Release|Any CPU.ActiveCfg = Release|Any CPU
		{7FBE9D20-4812-4796-BAB4-47DCFF0899F8}.Release|Any CPU.Build.0 = Release|Any CPU
	EndGlobalSection
	GlobalSection(SolutionProperties) = preSolution
		HideSolutionNode = FALSE
	EndGlobalSection
	GlobalSection(ExtensibilityGlobals) = postSolution
		SolutionGuid = {4CA3412E-8758-4A76-914D-BF0016986B99}
	EndGlobalSection
EndGlobal
